// !$*UTF8*$!
{
	archiveVersion = 1;
	classes = {
	};
	objectVersion = 77;
	objects = {

/* Begin PBXBuildFile section */
		03ED59FF2F3E8B960054AACE /* KeyboardShortcuts in Frameworks */ = {isa = PBXBuildFile; productRef = 03894A512DADD0000004552C /* KeyboardShortcuts */; };
/* End PBXBuildFile section */

/* Begin PBXContainerItemProxy section */
		03894A272D98A66B0004552C /* PBXContainerItemProxy */ = {
			isa = PBXContainerItemProxy;
			containerPortal = 03894A0D2D98A66A0004552C /* Project object */;
			proxyType = 1;
			remoteGlobalIDString = 03894A142D98A66A0004552C;
			remoteInfo = Mx;
		};
		03894A312D98A66B0004552C /* PBXContainerItemProxy */ = {
			isa = PBXContainerItemProxy;
			containerPortal = 03894A0D2D98A66A0004552C /* Project object */;
			proxyType = 1;
			remoteGlobalIDString = 03894A142D98A66A0004552C;
			remoteInfo = Mx;
		};
/* End PBXContainerItemProxy section */

/* Begin PBXFileReference section */
		03894A152D98A66A0004552C /* M-x.app */ = {isa = PBXFileReference; explicitFileType = wrapper.application; includeInIndex = 0; path = "M-x.app"; sourceTree = BUILT_PRODUCTS_DIR; };
		03894A262D98A66B0004552C /* MxTests.xctest */ = {isa = PBXFileReference; explicitFileType = wrapper.cfbundle; includeInIndex = 0; path = MxTests.xctest; sourceTree = BUILT_PRODUCTS_DIR; };
		03894A302D98A66B0004552C /* MxUITests.xctest */ = {isa = PBXFileReference; explicitFileType = wrapper.cfbundle; includeInIndex = 0; path = MxUITests.xctest; sourceTree = BUILT_PRODUCTS_DIR; };
/* End PBXFileReference section */

/* Begin PBXFileSystemSynchronizedBuildFileExceptionSet section */
		03894A442D98A72F0004552C /* Exceptions for "Mx" folder in "Mx" target */ = {
			isa = PBXFileSystemSynchronizedBuildFileExceptionSet;
			membershipExceptions = (
				Info.plist,
			);
			target = 03894A142D98A66A0004552C /* Mx */;
		};
/* End PBXFileSystemSynchronizedBuildFileExceptionSet section */

/* Begin PBXFileSystemSynchronizedRootGroup section */
		03894A172D98A66A0004552C /* Mx */ = {
			isa = PBXFileSystemSynchronizedRootGroup;
			exceptions = (
				03894A442D98A72F0004552C /* Exceptions for "Mx" folder in "Mx" target */,
			);
			path = Mx;
			sourceTree = "<group>";
		};
		03894A292D98A66B0004552C /* MxTests */ = {
			isa = PBXFileSystemSynchronizedRootGroup;
			path = MxTests;
			sourceTree = "<group>";
		};
		03894A332D98A66B0004552C /* MxUITests */ = {
			isa = PBXFileSystemSynchronizedRootGroup;
			path = MxUITests;
			sourceTree = "<group>";
		};
/* End PBXFileSystemSynchronizedRootGroup section */

/* Begin PBXFrameworksBuildPhase section */
		03894A122D98A66A0004552C /* Frameworks */ = {
			isa = PBXFrameworksBuildPhase;
			buildActionMask = 2147483647;
			files = (
				03ED59FF2F3E8B960054AACE /* KeyboardShortcuts in Frameworks */,
			);
			runOnlyForDeploymentPostprocessing = 0;
		};
		03894A232D98A66B0004552C /* Frameworks */ = {
			isa = PBXFrameworksBuildPhase;
			buildActionMask = 2147483647;
			files = (
			);
			runOnlyForDeploymentPostprocessing = 0;
		};
		03894A2D2D98A66B0004552C /* Frameworks */ = {
			isa = PBXFrameworksBuildPhase;
			buildActionMask = 2147483647;
			files = (
			);
			runOnlyForDeploymentPostprocessing = 0;
		};
/* End PBXFrameworksBuildPhase section */

/* Begin PBXGroup section */
		03894A0C2D98A66A0004552C = {
			isa = PBXGroup;
			children = (
				03894A172D98A66A0004552C /* Mx */,
				03894A292D98A66B0004552C /* MxTests */,
				03894A332D98A66B0004552C /* MxUITests */,
				03894A162D98A66A0004552C /* Products */,
			);
			sourceTree = "<group>";
		};
		03894A162D98A66A0004552C /* Products */ = {
			isa = PBXGroup;
			children = (
				03894A152D98A66A0004552C /* M-x.app */,
				03894A262D98A66B0004552C /* MxTests.xctest */,
				03894A302D98A66B0004552C /* MxUITests.xctest */,
			);
			name = Products;
			sourceTree = "<group>";
		};
/* End PBXGroup section */

/* Begin PBXNativeTarget section */
		03894A142D98A66A0004552C /* Mx */ = {
			isa = PBXNativeTarget;
			buildConfigurationList = 03894A3A2D98A66B0004552C /* Build configuration list for PBXNativeTarget "Mx" */;
			buildPhases = (
				03894A112D98A66A0004552C /* Sources */,
				03894A122D98A66A0004552C /* Frameworks */,
				03894A132D98A66A0004552C /* Resources */,
			);
			buildRules = (
			);
			dependencies = (
			);
			fileSystemSynchronizedGroups = (
				03894A172D98A66A0004552C /* Mx */,
			);
			name = Mx;
			packageProductDependencies = (
				03894A512DADD0000004552C /* KeyboardShortcuts */,
			);
			productName = Mx;
			productReference = 03894A152D98A66A0004552C /* M-x.app */;
			productType = "com.apple.product-type.application";
		};
		03894A252D98A66B0004552C /* MxTests */ = {
			isa = PBXNativeTarget;
			buildConfigurationList = 03894A3D2D98A66B0004552C /* Build configuration list for PBXNativeTarget "MxTests" */;
			buildPhases = (
				03894A222D98A66B0004552C /* Sources */,
				03894A232D98A66B0004552C /* Frameworks */,
				03894A242D98A66B0004552C /* Resources */,
			);
			buildRules = (
			);
			dependencies = (
				03894A282D98A66B0004552C /* PBXTargetDependency */,
			);
			fileSystemSynchronizedGroups = (
				03894A292D98A66B0004552C /* MxTests */,
			);
			name = MxTests;
			packageProductDependencies = (
			);
			productName = MxTests;
			productReference = 03894A262D98A66B0004552C /* MxTests.xctest */;
			productType = "com.apple.product-type.bundle.unit-test";
		};
		03894A2F2D98A66B0004552C /* MxUITests */ = {
			isa = PBXNativeTarget;
			buildConfigurationList = 03894A402D98A66B0004552C /* Build configuration list for PBXNativeTarget "MxUITests" */;
			buildPhases = (
				03894A2C2D98A66B0004552C /* Sources */,
				03894A2D2D98A66B0004552C /* Frameworks */,
				03894A2E2D98A66B0004552C /* Resources */,
			);
			buildRules = (
			);
			dependencies = (
				03894A322D98A66B0004552C /* PBXTargetDependency */,
			);
			fileSystemSynchronizedGroups = (
				03894A332D98A66B0004552C /* MxUITests */,
			);
			name = MxUITests;
			packageProductDependencies = (
			);
			productName = MxUITests;
			productReference = 03894A302D98A66B0004552C /* MxUITests.xctest */;
			productType = "com.apple.product-type.bundle.ui-testing";
		};
/* End PBXNativeTarget section */

/* Begin PBXProject section */
		03894A0D2D98A66A0004552C /* Project object */ = {
			isa = PBXProject;
			attributes = {
				BuildIndependentTargetsInParallel = 1;
				LastSwiftUpdateCheck = 1620;
				LastUpgradeCheck = 1620;
				TargetAttributes = {
					03894A142D98A66A0004552C = {
						CreatedOnToolsVersion = 16.2;
					};
					03894A252D98A66B0004552C = {
						CreatedOnToolsVersion = 16.2;
						TestTargetID = 03894A142D98A66A0004552C;
					};
					03894A2F2D98A66B0004552C = {
						CreatedOnToolsVersion = 16.2;
						TestTargetID = 03894A142D98A66A0004552C;
					};
				};
			};
			buildConfigurationList = 03894A102D98A66A0004552C /* Build configuration list for PBXProject "Mx" */;
			developmentRegion = en;
			hasScannedForEncodings = 0;
			knownRegions = (
				en,
				Base,
			);
			mainGroup = 03894A0C2D98A66A0004552C;
			minimizedProjectReferenceProxies = 1;
			packageReferences = (
				03894A502DADD0000004552C /* XCRemoteSwiftPackageReference "KeyboardShortcuts" */,
			);
			preferredProjectObjectVersion = 77;
			productRefGroup = 03894A162D98A66A0004552C /* Products */;
			projectDirPath = "";
			projectRoot = "";
			targets = (
				03894A142D98A66A0004552C /* Mx */,
				03894A252D98A66B0004552C /* MxTests */,
				03894A2F2D98A66B0004552C /* MxUITests */,
			);
		};
/* End PBXProject section */

/* Begin PBXResourcesBuildPhase section */
		03894A132D98A66A0004552C /* Resources */ = {
			isa = PBXResourcesBuildPhase;
			buildActionMask = 2147483647;
			files = (
			);
			runOnlyForDeploymentPostprocessing = 0;
		};
		03894A242D98A66B0004552C /* Resources */ = {
			isa = PBXResourcesBuildPhase;
			buildActionMask = 2147483647;
			files = (
			);
			runOnlyForDeploymentPostprocessing = 0;
		};
		03894A2E2D98A66B0004552C /* Resources */ = {
			isa = PBXResourcesBuildPhase;
			buildActionMask = 2147483647;
			files = (
			);
			runOnlyForDeploymentPostprocessing = 0;
		};
/* End PBXResourcesBuildPhase section */

/* Begin PBXSourcesBuildPhase section */
		03894A112D98A66A0004552C /* Sources */ = {
			isa = PBXSourcesBuildPhase;
			buildActionMask = 2147483647;
			files = (
			);
			runOnlyForDeploymentPostprocessing = 0;
		};
		03894A222D98A66B0004552C /* Sources */ = {
			isa = PBXSourcesBuildPhase;
			buildActionMask = 2147483647;
			files = (
			);
			runOnlyForDeploymentPostprocessing = 0;
		};
		03894A2C2D98A66B0004552C /* Sources */ = {
			isa = PBXSourcesBuildPhase;
			buildActionMask = 2147483647;
			files = (
			);
			runOnlyForDeploymentPostprocessing = 0;
		};
/* End PBXSourcesBuildPhase section */

/* Begin PBXTargetDependency section */
		03894A282D98A66B0004552C /* PBXTargetDependency */ = {
			isa = PBXTargetDependency;
			target = 03894A142D98A66A0004552C /* Mx */;
			targetProxy = 03894A272D98A66B0004552C /* PBXContainerItemProxy */;
		};
		03894A322D98A66B0004552C /* PBXTargetDependency */ = {
			isa = PBXTargetDependency;
			target = 03894A142D98A66A0004552C /* Mx */;
			targetProxy = 03894A312D98A66B0004552C /* PBXContainerItemProxy */;
		};
/* End PBXTargetDependency section */

/* Begin XCBuildConfiguration section */
		03894A382D98A66B0004552C /* Debug */ = {
			isa = XCBuildConfiguration;
			buildSettings = {
				ALWAYS_SEARCH_USER_PATHS = NO;
				ASSETCATALOG_COMPILER_GENERATE_SWIFT_ASSET_SYMBOL_EXTENSIONS = YES;
				CLANG_ANALYZER_NONNULL = YES;
				CLANG_ANALYZER_NUMBER_OBJECT_CONVERSION = YES_AGGRESSIVE;
				CLANG_CXX_LANGUAGE_STANDARD = "gnu++20";
				CLANG_ENABLE_MODULES = YES;
				CLANG_ENABLE_OBJC_ARC = YES;
				CLANG_ENABLE_OBJC_WEAK = YES;
				CLANG_WARN_BLOCK_CAPTURE_AUTORELEASING = YES;
				CLANG_WARN_BOOL_CONVERSION = YES;
				CLANG_WARN_COMMA = YES;
				CLANG_WARN_CONSTANT_CONVERSION = YES;
				CLANG_WARN_DEPRECATED_OBJC_IMPLEMENTATIONS = YES;
				CLANG_WARN_DIRECT_OBJC_ISA_USAGE = YES_ERROR;
				CLANG_WARN_DOCUMENTATION_COMMENTS = YES;
				CLANG_WARN_EMPTY_BODY = YES;
				CLANG_WARN_ENUM_CONVERSION = YES;
				CLANG_WARN_INFINITE_RECURSION = YES;
				CLANG_WARN_INT_CONVERSION = YES;
				CLANG_WARN_NON_LITERAL_NULL_CONVERSION = YES;
				CLANG_WARN_OBJC_IMPLICIT_RETAIN_SELF = YES;
				CLANG_WARN_OBJC_LITERAL_CONVERSION = YES;
				CLANG_WARN_OBJC_ROOT_CLASS = YES_ERROR;
				CLANG_WARN_QUOTED_INCLUDE_IN_FRAMEWORK_HEADER = YES;
				CLANG_WARN_RANGE_LOOP_ANALYSIS = YES;
				CLANG_WARN_STRICT_PROTOTYPES = YES;
				CLANG_WARN_SUSPICIOUS_MOVE = YES;
				CLANG_WARN_UNGUARDED_AVAILABILITY = YES_AGGRESSIVE;
				CLANG_WARN_UNREACHABLE_CODE = YES;
				CLANG_WARN__DUPLICATE_METHOD_MATCH = YES;
				COPY_PHASE_STRIP = NO;
				DEBUG_INFORMATION_FORMAT = dwarf;
				ENABLE_STRICT_OBJC_MSGSEND = YES;
				ENABLE_TESTABILITY = YES;
				ENABLE_USER_SCRIPT_SANDBOXING = YES;
				GCC_C_LANGUAGE_STANDARD = gnu17;
				GCC_DYNAMIC_NO_PIC = NO;
				GCC_NO_COMMON_BLOCKS = YES;
				GCC_OPTIMIZATION_LEVEL = 0;
				GCC_PREPROCESSOR_DEFINITIONS = (
					"DEBUG=1",
					"$(inherited)",
				);
				GCC_WARN_64_TO_32_BIT_CONVERSION = YES;
				GCC_WARN_ABOUT_RETURN_TYPE = YES_ERROR;
				GCC_WARN_UNDECLARED_SELECTOR = YES;
				GCC_WARN_UNINITIALIZED_AUTOS = YES_AGGRESSIVE;
				GCC_WARN_UNUSED_FUNCTION = YES;
				GCC_WARN_UNUSED_VARIABLE = YES;
				LOCALIZATION_PREFERS_STRING_CATALOGS = YES;
				MACOSX_DEPLOYMENT_TARGET = 15.2;
				MTL_ENABLE_DEBUG_INFO = INCLUDE_SOURCE;
				MTL_FAST_MATH = YES;
				ONLY_ACTIVE_ARCH = YES;
				SDKROOT = macosx;
				SWIFT_ACTIVE_COMPILATION_CONDITIONS = "DEBUG $(inherited)";
				SWIFT_OPTIMIZATION_LEVEL = "-Onone";
			};
			name = Debug;
		};
		03894A392D98A66B0004552C /* Release */ = {
			isa = XCBuildConfiguration;
			buildSettings = {
				ALWAYS_SEARCH_USER_PATHS = NO;
				ASSETCATALOG_COMPILER_GENERATE_SWIFT_ASSET_SYMBOL_EXTENSIONS = YES;
				CLANG_ANALYZER_NONNULL = YES;
				CLANG_ANALYZER_NUMBER_OBJECT_CONVERSION = YES_AGGRESSIVE;
				CLANG_CXX_LANGUAGE_STANDARD = "gnu++20";
				CLANG_ENABLE_MODULES = YES;
				CLANG_ENABLE_OBJC_ARC = YES;
				CLANG_ENABLE_OBJC_WEAK = YES;
				CLANG_WARN_BLOCK_CAPTURE_AUTORELEASING = YES;
				CLANG_WARN_BOOL_CONVERSION = YES;
				CLANG_WARN_COMMA = YES;
				CLANG_WARN_CONSTANT_CONVERSION = YES;
				CLANG_WARN_DEPRECATED_OBJC_IMPLEMENTATIONS = YES;
				CLANG_WARN_DIRECT_OBJC_ISA_USAGE = YES_ERROR;
				CLANG_WARN_DOCUMENTATION_COMMENTS = YES;
				CLANG_WARN_EMPTY_BODY = YES;
				CLANG_WARN_ENUM_CONVERSION = YES;
				CLANG_WARN_INFINITE_RECURSION = YES;
				CLANG_WARN_INT_CONVERSION = YES;
				CLANG_WARN_NON_LITERAL_NULL_CONVERSION = YES;
				CLANG_WARN_OBJC_IMPLICIT_RETAIN_SELF = YES;
				CLANG_WARN_OBJC_LITERAL_CONVERSION = YES;
				CLANG_WARN_OBJC_ROOT_CLASS = YES_ERROR;
				CLANG_WARN_QUOTED_INCLUDE_IN_FRAMEWORK_HEADER = YES;
				CLANG_WARN_RANGE_LOOP_ANALYSIS = YES;
				CLANG_WARN_STRICT_PROTOTYPES = YES;
				CLANG_WARN_SUSPICIOUS_MOVE = YES;
				CLANG_WARN_UNGUARDED_AVAILABILITY = YES_AGGRESSIVE;
				CLANG_WARN_UNREACHABLE_CODE = YES;
				CLANG_WARN__DUPLICATE_METHOD_MATCH = YES;
				COPY_PHASE_STRIP = NO;
				DEBUG_INFORMATION_FORMAT = "dwarf-with-dsym";
				ENABLE_NS_ASSERTIONS = NO;
				ENABLE_STRICT_OBJC_MSGSEND = YES;
				ENABLE_USER_SCRIPT_SANDBOXING = YES;
				GCC_C_LANGUAGE_STANDARD = gnu17;
				GCC_NO_COMMON_BLOCKS = YES;
				GCC_WARN_64_TO_32_BIT_CONVERSION = YES;
				GCC_WARN_ABOUT_RETURN_TYPE = YES_ERROR;
				GCC_WARN_UNDECLARED_SELECTOR = YES;
				GCC_WARN_UNINITIALIZED_AUTOS = YES_AGGRESSIVE;
				GCC_WARN_UNUSED_FUNCTION = YES;
				GCC_WARN_UNUSED_VARIABLE = YES;
				LOCALIZATION_PREFERS_STRING_CATALOGS = YES;
				MACOSX_DEPLOYMENT_TARGET = 15.2;
				MTL_ENABLE_DEBUG_INFO = NO;
				MTL_FAST_MATH = YES;
				SDKROOT = macosx;
				SWIFT_COMPILATION_MODE = wholemodule;
			};
			name = Release;
		};
		03894A3B2D98A66B0004552C /* Debug */ = {
			isa = XCBuildConfiguration;
			buildSettings = {
				ASSETCATALOG_COMPILER_APPICON_NAME = AppIcon;
				ASSETCATALOG_COMPILER_GLOBAL_ACCENT_COLOR_NAME = AccentColor;
				CODE_SIGN_ENTITLEMENTS = Mx/Mx.entitlements;
				"CODE_SIGN_IDENTITY[sdk=macosx*]" = "Apple Development";
				CODE_SIGN_STYLE = Automatic;
				COMBINE_HIDPI_IMAGES = YES;
				CURRENT_PROJECT_VERSION = 1;
				DEVELOPMENT_ASSET_PATHS = "\"Mx/Preview Content\"";
				DEVELOPMENT_TEAM = 3NQDL3JPMA;
				ENABLE_HARDENED_RUNTIME = YES;
				ENABLE_PREVIEWS = YES;
				GENERATE_INFOPLIST_FILE = YES;
				INFOPLIST_FILE = Mx/Info.plist;
				INFOPLIST_KEY_LSUIElement = YES;
				INFOPLIST_KEY_NSHumanReadableCopyright = "";
				LD_RUNPATH_SEARCH_PATHS = (
					"$(inherited)",
					"@executable_path/../Frameworks",
				);
				MARKETING_VERSION = 1.0;
				PRODUCT_BUNDLE_IDENTIFIER = "dev.xiaoxing.m-x";
				PRODUCT_NAME = "M-x";
				SWIFT_EMIT_LOC_STRINGS = YES;
				SWIFT_VERSION = 5.0;
			};
			name = Debug;
		};
		03894A3C2D98A66B0004552C /* Release */ = {
			isa = XCBuildConfiguration;
			buildSettings = {
				ASSETCATALOG_COMPILER_APPICON_NAME = AppIcon;
				ASSETCATALOG_COMPILER_GLOBAL_ACCENT_COLOR_NAME = AccentColor;
				CODE_SIGN_ENTITLEMENTS = Mx/Mx.entitlements;
				"CODE_SIGN_IDENTITY[sdk=macosx*]" = "Apple Development";
				CODE_SIGN_STYLE = Automatic;
				COMBINE_HIDPI_IMAGES = YES;
				CURRENT_PROJECT_VERSION = 1;
				DEVELOPMENT_ASSET_PATHS = "\"Mx/Preview Content\"";
				DEVELOPMENT_TEAM = 3NQDL3JPMA;
				ENABLE_HARDENED_RUNTIME = YES;
				ENABLE_PREVIEWS = YES;
				GENERATE_INFOPLIST_FILE = YES;
				INFOPLIST_FILE = Mx/Info.plist;
				INFOPLIST_KEY_LSUIElement = YES;
				INFOPLIST_KEY_NSHumanReadableCopyright = "";
				LD_RUNPATH_SEARCH_PATHS = (
					"$(inherited)",
					"@executable_path/../Frameworks",
				);
				MARKETING_VERSION = 1.0;
				PRODUCT_BUNDLE_IDENTIFIER = "dev.xiaoxing.m-x";
				PRODUCT_NAME = "M-x";
				SWIFT_EMIT_LOC_STRINGS = YES;
				SWIFT_VERSION = 5.0;
			};
			name = Release;
		};
		03894A3E2D98A66B0004552C /* Debug */ = {
			isa = XCBuildConfiguration;
			buildSettings = {
				BUNDLE_LOADER = "$(TEST_HOST)";
				CODE_SIGN_STYLE = Automatic;
				CURRENT_PROJECT_VERSION = 1;
				DEVELOPMENT_TEAM = 3NQDL3JPMA;
				GENERATE_INFOPLIST_FILE = YES;
				MACOSX_DEPLOYMENT_TARGET = 15.2;
				MARKETING_VERSION = 1.0;
				PRODUCT_BUNDLE_IDENTIFIER = "dev.xiaoxing.m-x-tests";
				PRODUCT_NAME = "$(TARGET_NAME)";
				SWIFT_EMIT_LOC_STRINGS = NO;
				SWIFT_VERSION = 5.0;
				TEST_HOST = "$(BUILT_PRODUCTS_DIR)/M-x.app/$(BUNDLE_EXECUTABLE_FOLDER_PATH)/M-x";
			};
			name = Debug;
		};
		03894A3F2D98A66B0004552C /* Release */ = {
			isa = XCBuildConfiguration;
			buildSettings = {
				BUNDLE_LOADER = "$(TEST_HOST)";
				CODE_SIGN_STYLE = Automatic;
				CURRENT_PROJECT_VERSION = 1;
				DEVELOPMENT_TEAM = 3NQDL3JPMA;
				GENERATE_INFOPLIST_FILE = YES;
				MACOSX_DEPLOYMENT_TARGET = 15.2;
				MARKETING_VERSION = 1.0;
				PRODUCT_BUNDLE_IDENTIFIER = "dev.xiaoxing.m-x-tests";
				PRODUCT_NAME = "$(TARGET_NAME)";
				SWIFT_EMIT_LOC_STRINGS = NO;
				SWIFT_VERSION = 5.0;
				TEST_HOST = "$(BUILT_PRODUCTS_DIR)/M-x.app/$(BUNDLE_EXECUTABLE_FOLDER_PATH)/M-x";
			};
			name = Release;
		};
		03894A412D98A66B0004552C /* Debug */ = {
			isa = XCBuildConfiguration;
			buildSettings = {
				CODE_SIGN_STYLE = Automatic;
				CURRENT_PROJECT_VERSION = 1;
				DEVELOPMENT_TEAM = 3NQDL3JPMA;
				GENERATE_INFOPLIST_FILE = YES;
				MARKETING_VERSION = 1.0;
				PRODUCT_BUNDLE_IDENTIFIER = "dev.xiaoxing.m-x-uitests";
				PRODUCT_NAME = "$(TARGET_NAME)";
				SWIFT_EMIT_LOC_STRINGS = NO;
				SWIFT_VERSION = 5.0;
				TEST_TARGET_NAME = Mx;
			};
			name = Debug;
		};
		03894A422D98A66B0004552C /* Release */ = {
			isa = XCBuildConfiguration;
			buildSettings = {
				CODE_SIGN_STYLE = Automatic;
				CURRENT_PROJECT_VERSION = 1;
				DEVELOPMENT_TEAM = 3NQDL3JPMA;
				GENERATE_INFOPLIST_FILE = YES;
				MARKETING_VERSION = 1.0;
				PRODUCT_BUNDLE_IDENTIFIER = "dev.xiaoxing.m-x-uitests";
				PRODUCT_NAME = "$(TARGET_NAME)";
				SWIFT_EMIT_LOC_STRINGS = NO;
				SWIFT_VERSION = 5.0;
				TEST_TARGET_NAME = Mx;
			};
			name = Release;
		};
/* End XCBuildConfiguration section */

/* Begin XCConfigurationList section */
		03894A102D98A66A0004552C /* Build configuration list for PBXProject "Mx" */ = {
			isa = XCConfigurationList;
			buildConfigurations = (
				03894A382D98A66B0004552C /* Debug */,
				03894A392D98A66B0004552C /* Release */,
			);
			defaultConfigurationIsVisible = 0;
			defaultConfigurationName = Release;
		};
		03894A3A2D98A66B0004552C /* Build configuration list for PBXNativeTarget "Mx" */ = {
			isa = XCConfigurationList;
			buildConfigurations = (
				03894A3B2D98A66B0004552C /* Debug */,
				03894A3C2D98A66B0004552C /* Release */,
			);
			defaultConfigurationIsVisible = 0;
			defaultConfigurationName = Release;
		};
		03894A3D2D98A66B0004552C /* Build configuration list for PBXNativeTarget "MxTests" */ = {
			isa = XCConfigurationList;
			buildConfigurations = (
				03894A3E2D98A66B0004552C /* Debug */,
				03894A3F2D98A66B0004552C /* Release */,
			);
			defaultConfigurationIsVisible = 0;
			defaultConfigurationName = Release;
		};
		03894A402D98A66B0004552C /* Build configuration list for PBXNativeTarget "MxUITests" */ = {
			isa = XCConfigurationList;
			buildConfigurations = (
				03894A412D98A66B0004552C /* Debug */,
				03894A422D98A66B0004552C /* Release */,
			);
			defaultConfigurationIsVisible = 0;
			defaultConfigurationName = Release;
		};
/* End XCConfigurationList section */

/* Begin XCRemoteSwiftPackageReference section */
		03894A502DADD0000004552C /* XCRemoteSwiftPackageReference "KeyboardShortcuts" */ = {
			isa = XCRemoteSwiftPackageReference;
			repositoryURL = "https://github.com/sindresorhus/KeyboardShortcuts";
			requirement = {
				kind = upToNextMajorVersion;
				minimumVersion = 2.0.0;
			};
		};
/* End XCRemoteSwiftPackageReference section */

/* Begin XCSwiftPackageProductDependency section */
		03894A512DADD0000004552C /* KeyboardShortcuts */ = {
			isa = XCSwiftPackageProductDependency;
			package = 03894A502DADD0000004552C /* XCRemoteSwiftPackageReference "KeyboardShortcuts" */;
			productName = KeyboardShortcuts;
		};
/* End XCSwiftPackageProductDependency section */
	};
	rootObject = 03894A0D2D98A66A0004552C /* Project object */;
}
